<Solution>
  <Configurations>
    <Platform Name="Any CPU" />
  </Configurations>
  <Project Path="Code/spring.csproj" />
  <Project Path="Editor/spring.editor.csproj" />
  <Folder Name="/Addons/">
    <Project Path="D:/Users/Sam/Documents/Git/sbox-public/game/addons/base/code/Base Library.csproj" />
  </Folder>
  <Folder Name="/Tools/">
    <Project Path="D:/Users/Sam/Documents/Git/sbox-public/game/addons/tools/Code/Base Editor Library.csproj" />
    <Project Path="D:/Users/Sam/Documents/Git/sbox-public/game/editor/ActionGraph/Code/actiongraph.csproj" />
    <Project Path="D:/Users/Sam/Documents/Git/sbox-public/game/editor/Hammer/Code/hammer.csproj" />
    <Project Path="D:/Users/Sam/Documents/Git/sbox-public/game/editor/MovieMaker/Code/moviemaker.csproj" />
    <Project Path="D:/Users/Sam/Documents/Git/sbox-public/game/editor/ShaderGraph/Code/shadergraph.csproj" />
  </Folder>
</Solution>